
Microsoft Visual Studio Solution File, Format Version 12.00
# Visual Studio Version 17
VisualStudioVersion = 17.0.32112.339
MinimumVisualStudioVersion = 10.0.40219.1
Project("{FAE04EC0-301F-11D3-BF4B-00C04F79EFBC}") = "BulkyBookWeb", "BulkyBookWeb\BulkyBookWeb.csproj", "{30E88282-20C7-436A-A2D2-ED63E2556655}"
EndProject
Global
	GlobalSection(SolutionConfigurationPlatforms) = preSolution
		Debug|Any CPU = Debug|Any CPU
		Release|Any CPU = Release|Any CPU
	EndGlobalSection
	GlobalSection(ProjectConfigurationPlatforms) = postSolution
		{30E88282-20C7-436A-A2D2-ED63E2556655}.Debug|Any CPU.ActiveCfg = Debug|Any CPU
		{30E88282-20C7-436A-A2D2-ED63E2556655}.Debug|Any CPU.Build.0 = Debug|Any CPU
		{30E88282-20C7-436A-A2D2-ED63E2556655}.Release|Any CPU.ActiveCfg = Release|Any CPU
		{30E88282-20C7-436A-A2D2-ED63E2556655}.Release|Any CPU.Build.0 = Release|Any CPU
	EndGlobalSection
	GlobalSection(SolutionProperties) = preSolution
		HideSolutionNode = FALSE
	EndGlobalSection
	GlobalSection(ExtensibilityGlobals) = postSolution
		SolutionGuid = {A97CE482-E760-4BBF-9B9E-1300B33DBAA0}
	EndGlobalSection
EndGlobal
